Microsoft Visual Studio Solution File, Format Version 12.00
# Visual Studio 2012
Project("{FAE04EC0-301F-11D3-BF4B-00C04F79EFBC}") = "BLL", "BLL\BLL.csproj", "{38D7AA58-C95B-449B-86C6-A8073A56E11F}"
EndProject
Project("{FAE04EC0-301F-11D3-BF4B-00C04F79EFBC}") = "Model", "Model\Model.csproj", "{53995DBB-9836-4647-AD22-865884FDEB9E}"
EndProject
Project("{FAE04EC0-301F-11D3-BF4B-00C04F79EFBC}") = "DAL", "DAL\DAL.csproj", "{9FE00521-3A8B-42B1-814E-585E99407B2E}"
EndProject
Project("{FAE04EC0-301F-11D3-BF4B-00C04F79EFBC}") = "Web", "Web\Web.csproj", "{5B535162-10C2-4238-BC56-193B968E1834}"
EndProject
Project("{FAE04EC0-301F-11D3-BF4B-00C04F79EFBC}") = "DBUtility", "DBUtility\DBUtility.csproj", "{0988C62E-247F-471F-A183-DB509C7A3839}"
EndProject
Project("{FAE04EC0-301F-11D3-BF4B-00C04F79EFBC}") = "Common", "Common\Common.csproj", "{E3D8759A-C5EB-402D-9F10-F5C6029A8D1A}"
EndProject
Project("{FAE04EC0-301F-11D3-BF4B-00C04F79EFBC}") = "CKEditor.NET", "..\..\FCKEdit\CKEditor.NET\CKEditor.NET.csproj", "{FC4500A9-8E83-46B0-87FA-86D44AB79AA7}"
EndProject
Project("{FAE04EC0-301F-11D3-BF4B-00C04F79EFBC}") = "DotNetTextBox", "..\..\NotTextBox\DotNetTextBox\DotNetTextBox.csproj", "{F330FBCD-6381-4D42-8F1A-1C921CC26ABA}"
EndProject
Project("{FAE04EC0-301F-11D3-BF4B-00C04F79EFBC}") = "fastJSON", "..\..\fastjson\fastJSON\fastJSON.csproj", "{207E91B1-C9F8-4913-88E1-3549EF5F3273}"
EndProject
Project("{FAE04EC0-301F-11D3-BF4B-00C04F79EFBC}") = "crypto", "crypto\crypto.csproj", "{38872A5F-E87E-4FAD-B109-8EB7B2E6A4A0}"
EndProject
Global
	GlobalSection(SolutionConfigurationPlatforms) = preSolution
		Debug|.NET = Debug|.NET
		Debug|Any CPU = Debug|Any CPU
		Debug|Mixed Platforms = Debug|Mixed Platforms
		Release|.NET = Release|.NET
		Release|Any CPU = Release|Any CPU
		Release|Mixed Platforms = Release|Mixed Platforms
	EndGlobalSection
	GlobalSection(ProjectConfigurationPlatforms) = postSolution
		{38D7AA58-C95B-449B-86C6-A8073A56E11F}.Debug|.NET.ActiveCfg = Debug|Any CPU
		{38D7AA58-C95B-449B-86C6-A8073A56E11F}.Debug|Any CPU.ActiveCfg = Debug|Any CPU
		{38D7AA58-C95B-449B-86C6-A8073A56E11F}.Debug|Any CPU.Build.0 = Debug|Any CPU
		{38D7AA58-C95B-449B-86C6-A8073A56E11F}.Debug|Mixed Platforms.ActiveCfg = Debug|Any CPU
		{38D7AA58-C95B-449B-86C6-A8073A56E11F}.Debug|Mixed Platforms.Build.0 = Debug|Any CPU
		{38D7AA58-C95B-449B-86C6-A8073A56E11F}.Release|.NET.ActiveCfg = Release|Any CPU
		{38D7AA58-C95B-449B-86C6-A8073A56E11F}.Release|Any CPU.ActiveCfg = Release|Any CPU
		{38D7AA58-C95B-449B-86C6-A8073A56E11F}.Release|Any CPU.Build.0 = Release|Any CPU
		{38D7AA58-C95B-449B-86C6-A8073A56E11F}.Release|Mixed Platforms.ActiveCfg = Release|Any CPU
		{38D7AA58-C95B-449B-86C6-A8073A56E11F}.Release|Mixed Platforms.Build.0 = Release|Any CPU
		{53995DBB-9836-4647-AD22-865884FDEB9E}.Debug|.NET.ActiveCfg = Debug|Any CPU
		{53995DBB-9836-4647-AD22-865884FDEB9E}.Debug|Any CPU.ActiveCfg = Debug|Any CPU
		{53995DBB-9836-4647-AD22-865884FDEB9E}.Debug|Any CPU.Build.0 = Debug|Any CPU
		{53995DBB-9836-4647-AD22-865884FDEB9E}.Debug|Mixed Platforms.ActiveCfg = Debug|Any CPU
		{53995DBB-9836-4647-AD22-865884FDEB9E}.Debug|Mixed Platforms.Build.0 = Debug|Any CPU
		{53995DBB-9836-4647-AD22-865884FDEB9E}.Release|.NET.ActiveCfg = Release|Any CPU
		{53995DBB-9836-4647-AD22-865884FDEB9E}.Release|Any CPU.ActiveCfg = Release|Any CPU
		{53995DBB-9836-4647-AD22-865884FDEB9E}.Release|Any CPU.Build.0 = Release|Any CPU
		{53995DBB-9836-4647-AD22-865884FDEB9E}.Release|Mixed Platforms.ActiveCfg = Release|Any CPU
		{53995DBB-9836-4647-AD22-865884FDEB9E}.Release|Mixed Platforms.Build.0 = Release|Any CPU
		{9FE00521-3A8B-42B1-814E-585E99407B2E}.Debug|.NET.ActiveCfg = Debug|Any CPU
		{9FE00521-3A8B-42B1-814E-585E99407B2E}.Debug|Any CPU.ActiveCfg = Debug|Any CPU
		{9FE00521-3A8B-42B1-814E-585E99407B2E}.Debug|Any CPU.Build.0 = Debug|Any CPU
		{9FE00521-3A8B-42B1-814E-585E99407B2E}.Debug|Mixed Platforms.ActiveCfg = Debug|Any CPU
		{9FE00521-3A8B-42B1-814E-585E99407B2E}.Debug|Mixed Platforms.Build.0 = Debug|Any CPU
		{9FE00521-3A8B-42B1-814E-585E99407B2E}.Release|.NET.ActiveCfg = Release|Any CPU
		{9FE00521-3A8B-42B1-814E-585E99407B2E}.Release|Any CPU.ActiveCfg = Release|Any CPU
		{9FE00521-3A8B-42B1-814E-585E99407B2E}.Release|Any CPU.Build.0 = Release|Any CPU
		{9FE00521-3A8B-42B1-814E-585E99407B2E}.Release|Mixed Platforms.ActiveCfg = Release|Any CPU
		{9FE00521-3A8B-42B1-814E-585E99407B2E}.Release|Mixed Platforms.Build.0 = Release|Any CPU
		{5B535162-10C2-4238-BC56-193B968E1834}.Debug|.NET.ActiveCfg = Debug|Any CPU
		{5B535162-10C2-4238-BC56-193B968E1834}.Debug|Any CPU.ActiveCfg = Debug|Any CPU
		{5B535162-10C2-4238-BC56-193B968E1834}.Debug|Any CPU.Build.0 = Debug|Any CPU
		{5B535162-10C2-4238-BC56-193B968E1834}.Debug|Mixed Platforms.ActiveCfg = Debug|Any CPU
		{5B535162-10C2-4238-BC56-193B968E1834}.Debug|Mixed Platforms.Build.0 = Debug|Any CPU
		{5B535162-10C2-4238-BC56-193B968E1834}.Release|.NET.ActiveCfg = Release|Any CPU
		{5B535162-10C2-4238-BC56-193B968E1834}.Release|Any CPU.ActiveCfg = Release|Any CPU
		{5B535162-10C2-4238-BC56-193B968E1834}.Release|Any CPU.Build.0 = Release|Any CPU
		{5B535162-10C2-4238-BC56-193B968E1834}.Release|Mixed Platforms.ActiveCfg = Release|Any CPU
		{5B535162-10C2-4238-BC56-193B968E1834}.Release|Mixed Platforms.Build.0 = Release|Any CPU
		{0988C62E-247F-471F-A183-DB509C7A3839}.Debug|.NET.ActiveCfg = Debug|Any CPU
		{0988C62E-247F-471F-A183-DB509C7A3839}.Debug|Any CPU.ActiveCfg = Debug|Any CPU
		{0988C62E-247F-471F-A183-DB509C7A3839}.Debug|Any CPU.Build.0 = Debug|Any CPU
		{0988C62E-247F-471F-A183-DB509C7A3839}.Debug|Mixed Platforms.ActiveCfg = Debug|Any CPU
		{0988C62E-247F-471F-A183-DB509C7A3839}.Debug|Mixed Platforms.Build.0 = Debug|Any CPU
		{0988C62E-247F-471F-A183-DB509C7A3839}.Release|.NET.ActiveCfg = Release|Any CPU
		{0988C62E-247F-471F-A183-DB509C7A3839}.Release|Any CPU.ActiveCfg = Release|Any CPU
		{0988C62E-247F-471F-A183-DB509C7A3839}.Release|Any CPU.Build.0 = Release|Any CPU
		{0988C62E-247F-471F-A183-DB509C7A3839}.Release|Mixed Platforms.ActiveCfg = Release|Any CPU
		{0988C62E-247F-471F-A183-DB509C7A3839}.Release|Mixed Platforms.Build.0 = Release|Any CPU
		{E3D8759A-C5EB-402D-9F10-F5C6029A8D1A}.Debug|.NET.ActiveCfg = Debug|Any CPU
		{E3D8759A-C5EB-402D-9F10-F5C6029A8D1A}.Debug|Any CPU.ActiveCfg = Debug|Any CPU
		{E3D8759A-C5EB-402D-9F10-F5C6029A8D1A}.Debug|Any CPU.Build.0 = Debug|Any CPU
		{E3D8759A-C5EB-402D-9F10-F5C6029A8D1A}.Debug|Mixed Platforms.ActiveCfg = Debug|Any CPU
		{E3D8759A-C5EB-402D-9F10-F5C6029A8D1A}.Debug|Mixed Platforms.Build.0 = Debug|Any CPU
		{E3D8759A-C5EB-402D-9F10-F5C6029A8D1A}.Release|.NET.ActiveCfg = Release|Any CPU
		{E3D8759A-C5EB-402D-9F10-F5C6029A8D1A}.Release|Any CPU.ActiveCfg = Release|Any CPU
		{E3D8759A-C5EB-402D-9F10-F5C6029A8D1A}.Release|Any CPU.Build.0 = Release|Any CPU
		{E3D8759A-C5EB-402D-9F10-F5C6029A8D1A}.Release|Mixed Platforms.ActiveCfg = Release|Any CPU
		{E3D8759A-C5EB-402D-9F10-F5C6029A8D1A}.Release|Mixed Platforms.Build.0 = Release|Any CPU
		{FC4500A9-8E83-46B0-87FA-86D44AB79AA7}.Debug|.NET.ActiveCfg = Debug|Any CPU
		{FC4500A9-8E83-46B0-87FA-86D44AB79AA7}.Debug|Any CPU.ActiveCfg = Debug|Any CPU
		{FC4500A9-8E83-46B0-87FA-86D44AB79AA7}.Debug|Any CPU.Build.0 = Debug|Any CPU
		{FC4500A9-8E83-46B0-87FA-86D44AB79AA7}.Debug|Mixed Platforms.ActiveCfg = Debug|Any CPU
		{FC4500A9-8E83-46B0-87FA-86D44AB79AA7}.Debug|Mixed Platforms.Build.0 = Debug|Any CPU
		{FC4500A9-8E83-46B0-87FA-86D44AB79AA7}.Release|.NET.ActiveCfg = Release|Any CPU
		{FC4500A9-8E83-46B0-87FA-86D44AB79AA7}.Release|Any CPU.ActiveCfg = Release|Any CPU
		{FC4500A9-8E83-46B0-87FA-86D44AB79AA7}.Release|Any CPU.Build.0 = Release|Any CPU
		{FC4500A9-8E83-46B0-87FA-86D44AB79AA7}.Release|Mixed Platforms.ActiveCfg = Release|Any CPU
		{FC4500A9-8E83-46B0-87FA-86D44AB79AA7}.Release|Mixed Platforms.Build.0 = Release|Any CPU
		{F330FBCD-6381-4D42-8F1A-1C921CC26ABA}.Debug|.NET.ActiveCfg = Debug|Any CPU
		{F330FBCD-6381-4D42-8F1A-1C921CC26ABA}.Debug|Any CPU.ActiveCfg = Debug|Any CPU
		{F330FBCD-6381-4D42-8F1A-1C921CC26ABA}.Debug|Any CPU.Build.0 = Debug|Any CPU
		{F330FBCD-6381-4D42-8F1A-1C921CC26ABA}.Debug|Mixed Platforms.ActiveCfg = Debug|Any CPU
		{F330FBCD-6381-4D42-8F1A-1C921CC26ABA}.Debug|Mixed Platforms.Build.0 = Debug|Any CPU
		{F330FBCD-6381-4D42-8F1A-1C921CC26ABA}.Release|.NET.ActiveCfg = Release|Any CPU
		{F330FBCD-6381-4D42-8F1A-1C921CC26ABA}.Release|Any CPU.ActiveCfg = Release|Any CPU
		{F330FBCD-6381-4D42-8F1A-1C921CC26ABA}.Release|Any CPU.Build.0 = Release|Any CPU
		{F330FBCD-6381-4D42-8F1A-1C921CC26ABA}.Release|Mixed Platforms.ActiveCfg = Release|Any CPU
		{F330FBCD-6381-4D42-8F1A-1C921CC26ABA}.Release|Mixed Platforms.Build.0 = Release|Any CPU
		{207E91B1-C9F8-4913-88E1-3549EF5F3273}.Debug|.NET.ActiveCfg = Debug|Any CPU
		{207E91B1-C9F8-4913-88E1-3549EF5F3273}.Debug|Any CPU.ActiveCfg = Debug|Any CPU
		{207E91B1-C9F8-4913-88E1-3549EF5F3273}.Debug|Any CPU.Build.0 = Debug|Any CPU
		{207E91B1-C9F8-4913-88E1-3549EF5F3273}.Debug|Mixed Platforms.ActiveCfg = Debug|Any CPU
		{207E91B1-C9F8-4913-88E1-3549EF5F3273}.Debug|Mixed Platforms.Build.0 = Debug|Any CPU
		{207E91B1-C9F8-4913-88E1-3549EF5F3273}.Release|.NET.ActiveCfg = Release|Any CPU
		{207E91B1-C9F8-4913-88E1-3549EF5F3273}.Release|Any CPU.ActiveCfg = Release|Any CPU
		{207E91B1-C9F8-4913-88E1-3549EF5F3273}.Release|Any CPU.Build.0 = Release|Any CPU
		{207E91B1-C9F8-4913-88E1-3549EF5F3273}.Release|Mixed Platforms.ActiveCfg = Release|Any CPU
		{207E91B1-C9F8-4913-88E1-3549EF5F3273}.Release|Mixed Platforms.Build.0 = Release|Any CPU
		{38872A5F-E87E-4FAD-B109-8EB7B2E6A4A0}.Debug|.NET.ActiveCfg = Debug|Any CPU
		{38872A5F-E87E-4FAD-B109-8EB7B2E6A4A0}.Debug|Any CPU.ActiveCfg = Debug|Any CPU
		{38872A5F-E87E-4FAD-B109-8EB7B2E6A4A0}.Debug|Any CPU.Build.0 = Debug|Any CPU
		{38872A5F-E87E-4FAD-B109-8EB7B2E6A4A0}.Debug|Mixed Platforms.ActiveCfg = Debug|Any CPU
		{38872A5F-E87E-4FAD-B109-8EB7B2E6A4A0}.Debug|Mixed Platforms.Build.0 = Debug|Any CPU
		{38872A5F-E87E-4FAD-B109-8EB7B2E6A4A0}.Release|.NET.ActiveCfg = Release|Any CPU
		{38872A5F-E87E-4FAD-B109-8EB7B2E6A4A0}.Release|Any CPU.ActiveCfg = Release|Any CPU
		{38872A5F-E87E-4FAD-B109-8EB7B2E6A4A0}.Release|Any CPU.Build.0 = Release|Any CPU
		{38872A5F-E87E-4FAD-B109-8EB7B2E6A4A0}.Release|Mixed Platforms.ActiveCfg = Release|Any CPU
		{38872A5F-E87E-4FAD-B109-8EB7B2E6A4A0}.Release|Mixed Platforms.Build.0 = Release|Any CPU
	EndGlobalSection
	GlobalSection(SolutionProperties) = preSolution
		HideSolutionNode = FALSE
	EndGlobalSection
	GlobalSection(SubversionScc) = preSolution
		Svn-Managed = True
		Manager = AnkhSVN - Subversion Support for Visual Studio
	EndGlobalSection
EndGlobal
